# THIS IS AN AUTOGENERATED FILE. DO NOT EDIT THIS FILE DIRECTLY.
# yarn lockfile v1


bootstrap@3.4.1:
  version "3.4.1"
  resolved "https://registry.yarnpkg.com/bootstrap/-/bootstrap-3.4.1.tgz#c3a347d419e289ad11f4033e3c4132b87c081d72"
  integrity sha512-yN5oZVmRCwe5aKwzRj6736nSmKDX7pLYwsXiCj/EYmo16hODaBiT4En5btW/jhBF/seV+XMx3aYwukYC3A49DA==

fullpage.js@2.9.7:
  version "2.9.7"
  resolved "https://registry.yarnpkg.com/fullpage.js/-/fullpage.js-2.9.7.tgz#65b838a76a9cc459e6474d36ba54fd18aba52f3d"
  integrity sha512-r2a7h/xAFRningddSAP/xZtZxG3dxvmAc71ckommFsHF/EAPu5gw1CU4DRc2ErRg10lLX1gBoybISpa5F3ps5A==
  dependencies:
    jquery ">=1.6.0"

jquery@>=1.6.0, jquery@^3.4.1:
  version "3.4.1"
  resolved "https://registry.yarnpkg.com/jquery/-/jquery-3.4.1.tgz#714f1f8d9dde4bdfa55764ba37ef214630d80ef2"
  integrity sha512-36+AdBzCL+y6qjw5Tx7HgzeGCzC81MDDgaUP8ld2zhx58HdqXGoBd+tHdrBMiyjGQs0Hxs/MLZTu/eHNJJuWPw==

multiscroll.js@^0.2.2:
  version "0.2.2"
  resolved "https://registry.yarnpkg.com/multiscroll.js/-/multiscroll.js-0.2.2.tgz#2650c5464bba899234cdff77add3cda958f2ae58"
  integrity sha512-V8XNwKXDHrmByFALcbDVRy0Lyvh20kZaIJ1jKltgVPaZ8WuzWGbeK5zKa6rnz5PSPNZC5GWUzutTnunR95Qe6w==
